
Microsoft Visual Studio Solution File, Format Version 12.00
# Visual Studio 15
VisualStudioVersion = 15.0.27130.2003
MinimumVisualStudioVersion = 10.0.40219.1
Project("{FAE04EC0-301F-11D3-BF4B-00C04F79EFBC}") = "UnitTests", "UnitTests\UnitTests.csproj", "{DC13AD2E-ADCC-4963-9C9B-C2E0F1019D9C}"
EndProject
Project("{FAE04EC0-301F-11D3-BF4B-00C04F79EFBC}") = "BusterWood.Msmq", "Busterwood.Msmq\BusterWood.Msmq.csproj", "{CB8A7C8C-DB78-4AA7-A0F3-578A7AB2BB2B}"
EndProject
Project("{FAE04EC0-301F-11D3-BF4B-00C04F79EFBC}") = "ConsoleApplication1", "ConsoleApplication1\ConsoleApplication1.csproj", "{C52CF884-DB8A-441B-BCED-9D76590C3341}"
EndProject
Project("{2150E333-8FDC-42A3-9474-1A3956D46DE8}") = "NewFolder1", "NewFolder1", "{E1073E10-742C-441E-97A0-BB5A10A50269}"
	ProjectSection(SolutionItems) = preProject
		README.md = README.md
	EndProjectSection
EndProject
Project("{FAE04EC0-301F-11D3-BF4B-00C04F79EFBC}") = "MsmqCache", "MsmqCache\MsmqCache.csproj", "{5843A064-5CB4-4D10-A8CE-A1BB87633E44}"
EndProject
Global
	GlobalSection(SolutionConfigurationPlatforms) = preSolution
		Debug|Any CPU = Debug|Any CPU
		Release|Any CPU = Release|Any CPU
	EndGlobalSection
	GlobalSection(ProjectConfigurationPlatforms) = postSolution
		{DC13AD2E-ADCC-4963-9C9B-C2E0F1019D9C}.Debug|Any CPU.ActiveCfg = Debug|Any CPU
		{DC13AD2E-ADCC-4963-9C9B-C2E0F1019D9C}.Debug|Any CPU.Build.0 = Debug|Any CPU
		{DC13AD2E-ADCC-4963-9C9B-C2E0F1019D9C}.Release|Any CPU.ActiveCfg = Release|Any CPU
		{DC13AD2E-ADCC-4963-9C9B-C2E0F1019D9C}.Release|Any CPU.Build.0 = Release|Any CPU
		{CB8A7C8C-DB78-4AA7-A0F3-578A7AB2BB2B}.Debug|Any CPU.ActiveCfg = Debug|Any CPU
		{CB8A7C8C-DB78-4AA7-A0F3-578A7AB2BB2B}.Debug|Any CPU.Build.0 = Debug|Any CPU
		{CB8A7C8C-DB78-4AA7-A0F3-578A7AB2BB2B}.Release|Any CPU.ActiveCfg = Release|Any CPU
		{CB8A7C8C-DB78-4AA7-A0F3-578A7AB2BB2B}.Release|Any CPU.Build.0 = Release|Any CPU
		{C52CF884-DB8A-441B-BCED-9D76590C3341}.Debug|Any CPU.ActiveCfg = Debug|Any CPU
		{C52CF884-DB8A-441B-BCED-9D76590C3341}.Debug|Any CPU.Build.0 = Debug|Any CPU
		{C52CF884-DB8A-441B-BCED-9D76590C3341}.Release|Any CPU.ActiveCfg = Release|Any CPU
		{C52CF884-DB8A-441B-BCED-9D76590C3341}.Release|Any CPU.Build.0 = Release|Any CPU
		{5843A064-5CB4-4D10-A8CE-A1BB87633E44}.Debug|Any CPU.ActiveCfg = Debug|Any CPU
		{5843A064-5CB4-4D10-A8CE-A1BB87633E44}.Debug|Any CPU.Build.0 = Debug|Any CPU
		{5843A064-5CB4-4D10-A8CE-A1BB87633E44}.Release|Any CPU.ActiveCfg = Release|Any CPU
		{5843A064-5CB4-4D10-A8CE-A1BB87633E44}.Release|Any CPU.Build.0 = Release|Any CPU
	EndGlobalSection
	GlobalSection(SolutionProperties) = preSolution
		HideSolutionNode = FALSE
	EndGlobalSection
	GlobalSection(ExtensibilityGlobals) = postSolution
		SolutionGuid = {FA674E68-4826-4924-AD54-740B1057C147}
	EndGlobalSection
EndGlobal
